
Microsoft Visual Studio Solution File, Format Version 12.00
# Visual Studio Version 16
VisualStudioVersion = 16.0.30907.101
MinimumVisualStudioVersion = 10.0.40219.1
Project("{FAE04EC0-301F-11D3-BF4B-00C04F79EFBC}") = "chamcong", "chamcong\chamcong.csproj", "{909857E9-C21E-4153-93F2-5F2C5ABA472B}"
EndProject
Global
	GlobalSection(SolutionConfigurationPlatforms) = preSolution
		Debug|Any CPU = Debug|Any CPU
		Release|Any CPU = Release|Any CPU
	EndGlobalSection
	GlobalSection(ProjectConfigurationPlatforms) = postSolution
		{909857E9-C21E-4153-93F2-5F2C5ABA472B}.Debug|Any CPU.ActiveCfg = Debug|Any CPU
		{909857E9-C21E-4153-93F2-5F2C5ABA472B}.Debug|Any CPU.Build.0 = Debug|Any CPU
		{909857E9-C21E-4153-93F2-5F2C5ABA472B}.Release|Any CPU.ActiveCfg = Release|Any CPU
		{909857E9-C21E-4153-93F2-5F2C5ABA472B}.Release|Any CPU.Build.0 = Release|Any CPU
	EndGlobalSection
	GlobalSection(SolutionProperties) = preSolution
		HideSolutionNode = FALSE
	EndGlobalSection
	GlobalSection(ExtensibilityGlobals) = postSolution
		SolutionGuid = {A1958926-1B90-40D4-B770-65545CF210D3}
	EndGlobalSection
EndGlobal
